// !$*UTF8*$!
{
	archiveVersion = 1;
	classes = {
	};
	objectVersion = 50;
	objects = {

/* Begin PBXBuildFile section */
		3D04F398261DBF3B008A1CA1 /* SwiftUI_testApp.swift in Sources */ = {isa = PBXBuildFile; fileRef = 3D04F397261DBF3B008A1CA1 /* SwiftUI_testApp.swift */; };
		3D04F39A261DBF3B008A1CA1 /* ContentView.swift in Sources */ = {isa = PBXBuildFile; fileRef = 3D04F399261DBF3B008A1CA1 /* ContentView.swift */; };
		3D04F39C261DBF3B008A1CA1 /* Assets.xcassets in Resources */ = {isa = PBXBuildFile; fileRef = 3D04F39B261DBF3B008A1CA1 /* Assets.xcassets */; };
		3D04F39F261DBF3B008A1CA1 /* Preview Assets.xcassets in Resources */ = {isa = PBXBuildFile; fileRef = 3D04F39E261DBF3B008A1CA1 /* Preview Assets.xcassets */; };
		3D04F3A8261DE3A3008A1CA1 /* SummonerProfile.swift in Sources */ = {isa = PBXBuildFile; fileRef = 3D04F3A7261DE3A3008A1CA1 /* SummonerProfile.swift */; };
		3D0B88A5261F48DF007F5646 /* ProfileView.swift in Sources */ = {isa = PBXBuildFile; fileRef = 3D0B88A4261F48DF007F5646 /* ProfileView.swift */; };
		3D0B88A92620ADD8007F5646 /* MatchInfo.swift in Sources */ = {isa = PBXBuildFile; fileRef = 3D0B88A82620ADD8007F5646 /* MatchInfo.swift */; };
		3D247A9E263735F40025C756 /* Champions.swift in Sources */ = {isa = PBXBuildFile; fileRef = 3D247A9D263735F40025C756 /* Champions.swift */; };
		3D247AA126373A230025C756 /* Extensions.swift in Sources */ = {isa = PBXBuildFile; fileRef = 3D247AA026373A230025C756 /* Extensions.swift */; };
		3D8542E526432C13007C1563 /* HistoryView.swift in Sources */ = {isa = PBXBuildFile; fileRef = 3D8542E426432C13007C1563 /* HistoryView.swift */; };
		3D8542E926433D90007C1563 /* MatchHistory.swift in Sources */ = {isa = PBXBuildFile; fileRef = 3D8542E826433D90007C1563 /* MatchHistory.swift */; };
		3DBCBDCB261E4A680043123C /* ProfileInfo.swift in Sources */ = {isa = PBXBuildFile; fileRef = 3DBCBDCA261E4A680043123C /* ProfileInfo.swift */; };
		3DBCBDCF261F149B0043123C /* SearchView.swift in Sources */ = {isa = PBXBuildFile; fileRef = 3DBCBDCE261F149B0043123C /* SearchView.swift */; };
/* End PBXBuildFile section */

/* Begin PBXFileReference section */
		3D04F394261DBF3B008A1CA1 /* SwiftUI_test.app */ = {isa = PBXFileReference; explicitFileType = wrapper.application; includeInIndex = 0; path = SwiftUI_test.app; sourceTree = BUILT_PRODUCTS_DIR; };
		3D04F397261DBF3B008A1CA1 /* SwiftUI_testApp.swift */ = {isa = PBXFileReference; lastKnownFileType = sourcecode.swift; path = SwiftUI_testApp.swift; sourceTree = "<group>"; };
		3D04F399261DBF3B008A1CA1 /* ContentView.swift */ = {isa = PBXFileReference; lastKnownFileType = sourcecode.swift; path = ContentView.swift; sourceTree = "<group>"; };
		3D04F39B261DBF3B008A1CA1 /* Assets.xcassets */ = {isa = PBXFileReference; lastKnownFileType = folder.assetcatalog; path = Assets.xcassets; sourceTree = "<group>"; };
		3D04F39E261DBF3B008A1CA1 /* Preview Assets.xcassets */ = {isa = PBXFileReference; lastKnownFileType = folder.assetcatalog; path = "Preview Assets.xcassets"; sourceTree = "<group>"; };
		3D04F3A0261DBF3B008A1CA1 /* Info.plist */ = {isa = PBXFileReference; lastKnownFileType = text.plist.xml; path = Info.plist; sourceTree = "<group>"; };
		3D04F3A7261DE3A3008A1CA1 /* SummonerProfile.swift */ = {isa = PBXFileReference; lastKnownFileType = sourcecode.swift; path = SummonerProfile.swift; sourceTree = "<group>"; };
		3D0B88A4261F48DF007F5646 /* ProfileView.swift */ = {isa = PBXFileReference; lastKnownFileType = sourcecode.swift; path = ProfileView.swift; sourceTree = "<group>"; };
		3D0B88A82620ADD8007F5646 /* MatchInfo.swift */ = {isa = PBXFileReference; lastKnownFileType = sourcecode.swift; path = MatchInfo.swift; sourceTree = "<group>"; };
		3D247A9D263735F40025C756 /* Champions.swift */ = {isa = PBXFileReference; lastKnownFileType = sourcecode.swift; path = Champions.swift; sourceTree = "<group>"; };
		3D247AA026373A230025C756 /* Extensions.swift */ = {isa = PBXFileReference; lastKnownFileType = sourcecode.swift; path = Extensions.swift; sourceTree = "<group>"; };
		3D8542E426432C13007C1563 /* HistoryView.swift */ = {isa = PBXFileReference; lastKnownFileType = sourcecode.swift; path = HistoryView.swift; sourceTree = "<group>"; };
		3D8542E826433D90007C1563 /* MatchHistory.swift */ = {isa = PBXFileReference; lastKnownFileType = sourcecode.swift; path = MatchHistory.swift; sourceTree = "<group>"; };
		3DBCBDCA261E4A680043123C /* ProfileInfo.swift */ = {isa = PBXFileReference; lastKnownFileType = sourcecode.swift; path = ProfileInfo.swift; sourceTree = "<group>"; };
		3DBCBDCE261F149B0043123C /* SearchView.swift */ = {isa = PBXFileReference; lastKnownFileType = sourcecode.swift; path = SearchView.swift; sourceTree = "<group>"; };
/* End PBXFileReference section */

/* Begin PBXFrameworksBuildPhase section */
		3D04F391261DBF3B008A1CA1 /* Frameworks */ = {
			isa = PBXFrameworksBuildPhase;
			buildActionMask = 2147483647;
			files = (
			);
			runOnlyForDeploymentPostprocessing = 0;
		};
/* End PBXFrameworksBuildPhase section */

/* Begin PBXGroup section */
		3D04F38B261DBF3B008A1CA1 = {
			isa = PBXGroup;
			children = (
				3D04F396261DBF3B008A1CA1 /* SwiftUI_test */,
				3D04F395261DBF3B008A1CA1 /* Products */,
			);
			sourceTree = "<group>";
		};
		3D04F395261DBF3B008A1CA1 /* Products */ = {
			isa = PBXGroup;
			children = (
				3D04F394261DBF3B008A1CA1 /* SwiftUI_test.app */,
			);
			name = Products;
			sourceTree = "<group>";
		};
		3D04F396261DBF3B008A1CA1 /* SwiftUI_test */ = {
			isa = PBXGroup;
			children = (
				3D247A9D263735F40025C756 /* Champions.swift */,
				3D0B88A4261F48DF007F5646 /* ProfileView.swift */,
				3D247AA026373A230025C756 /* Extensions.swift */,
				3DBCBDCA261E4A680043123C /* ProfileInfo.swift */,
				3D04F397261DBF3B008A1CA1 /* SwiftUI_testApp.swift */,
				3DBCBDCE261F149B0043123C /* SearchView.swift */,
				3D04F399261DBF3B008A1CA1 /* ContentView.swift */,
				3D8542E426432C13007C1563 /* HistoryView.swift */,
				3D8542E826433D90007C1563 /* MatchHistory.swift */,
				3D0B88A82620ADD8007F5646 /* MatchInfo.swift */,
				3D04F3A7261DE3A3008A1CA1 /* SummonerProfile.swift */,
				3D04F39B261DBF3B008A1CA1 /* Assets.xcassets */,
				3D04F3A0261DBF3B008A1CA1 /* Info.plist */,
				3D04F39D261DBF3B008A1CA1 /* Preview Content */,
			);
			path = SwiftUI_test;
			sourceTree = "<group>";
		};
		3D04F39D261DBF3B008A1CA1 /* Preview Content */ = {
			isa = PBXGroup;
			children = (
				3D04F39E261DBF3B008A1CA1 /* Preview Assets.xcassets */,
			);
			path = "Preview Content";
			sourceTree = "<group>";
		};
/* End PBXGroup section */

/* Begin PBXNativeTarget section */
		3D04F393261DBF3B008A1CA1 /* SwiftUI_test */ = {
			isa = PBXNativeTarget;
			buildConfigurationList = 3D04F3A3261DBF3B008A1CA1 /* Build configuration list for PBXNativeTarget "SwiftUI_test" */;
			buildPhases = (
				3D04F390261DBF3B008A1CA1 /* Sources */,
				3D04F391261DBF3B008A1CA1 /* Frameworks */,
				3D04F392261DBF3B008A1CA1 /* Resources */,
			);
			buildRules = (
			);
			dependencies = (
			);
			name = SwiftUI_test;
			productName = SwiftUI_test;
			productReference = 3D04F394261DBF3B008A1CA1 /* SwiftUI_test.app */;
			productType = "com.apple.product-type.application";
		};
/* End PBXNativeTarget section */

/* Begin PBXProject section */
		3D04F38C261DBF3B008A1CA1 /* Project object */ = {
			isa = PBXProject;
			attributes = {
				LastSwiftUpdateCheck = 1240;
				LastUpgradeCheck = 1240;
				TargetAttributes = {
					3D04F393261DBF3B008A1CA1 = {
						CreatedOnToolsVersion = 12.4;
					};
				};
			};
			buildConfigurationList = 3D04F38F261DBF3B008A1CA1 /* Build configuration list for PBXProject "SwiftUI_test" */;
			compatibilityVersion = "Xcode 9.3";
			developmentRegion = en;
			hasScannedForEncodings = 0;
			knownRegions = (
				en,
				Base,
			);
			mainGroup = 3D04F38B261DBF3B008A1CA1;
			productRefGroup = 3D04F395261DBF3B008A1CA1 /* Products */;
			projectDirPath = "";
			projectRoot = "";
			targets = (
				3D04F393261DBF3B008A1CA1 /* SwiftUI_test */,
			);
		};
/* End PBXProject section */

/* Begin PBXResourcesBuildPhase section */
		3D04F392261DBF3B008A1CA1 /* Resources */ = {
			isa = PBXResourcesBuildPhase;
			buildActionMask = 2147483647;
			files = (
				3D04F39F261DBF3B008A1CA1 /* Preview Assets.xcassets in Resources */,
				3D04F39C261DBF3B008A1CA1 /* Assets.xcassets in Resources */,
			);
			runOnlyForDeploymentPostprocessing = 0;
		};
/* End PBXResourcesBuildPhase section */

/* Begin PBXSourcesBuildPhase section */
		3D04F390261DBF3B008A1CA1 /* Sources */ = {
			isa = PBXSourcesBuildPhase;
			buildActionMask = 2147483647;
			files = (
				3DBCBDCF261F149B0043123C /* SearchView.swift in Sources */,
				3D247AA126373A230025C756 /* Extensions.swift in Sources */,
				3D04F39A261DBF3B008A1CA1 /* ContentView.swift in Sources */,
				3D0B88A92620ADD8007F5646 /* MatchInfo.swift in Sources */,
				3D8542E926433D90007C1563 /* MatchHistory.swift in Sources */,
				3DBCBDCB261E4A680043123C /* ProfileInfo.swift in Sources */,
				3D247A9E263735F40025C756 /* Champions.swift in Sources */,
				3D04F3A8261DE3A3008A1CA1 /* SummonerProfile.swift in Sources */,
				3D8542E526432C13007C1563 /* HistoryView.swift in Sources */,
				3D0B88A5261F48DF007F5646 /* ProfileView.swift in Sources */,
				3D04F398261DBF3B008A1CA1 /* SwiftUI_testApp.swift in Sources */,
			);
			runOnlyForDeploymentPostprocessing = 0;
		};
/* End PBXSourcesBuildPhase section */

/* Begin XCBuildConfiguration section */
		3D04F3A1261DBF3B008A1CA1 /* Debug */ = {
			isa = XCBuildConfiguration;
			buildSettings = {
				ALWAYS_SEARCH_USER_PATHS = NO;
				CLANG_ANALYZER_NONNULL = YES;
				CLANG_ANALYZER_NUMBER_OBJECT_CONVERSION = YES_AGGRESSIVE;
				CLANG_CXX_LANGUAGE_STANDARD = "gnu++14";
				CLANG_CXX_LIBRARY = "libc++";
				CLANG_ENABLE_MODULES = YES;
				CLANG_ENABLE_OBJC_ARC = YES;
				CLANG_ENABLE_OBJC_WEAK = YES;
				CLANG_WARN_BLOCK_CAPTURE_AUTORELEASING = YES;
				CLANG_WARN_BOOL_CONVERSION = YES;
				CLANG_WARN_COMMA = YES;
				CLANG_WARN_CONSTANT_CONVERSION = YES;
				CLANG_WARN_DEPRECATED_OBJC_IMPLEMENTATIONS = YES;
				CLANG_WARN_DIRECT_OBJC_ISA_USAGE = YES_ERROR;
				CLANG_WARN_DOCUMENTATION_COMMENTS = YES;
				CLANG_WARN_EMPTY_BODY = YES;
				CLANG_WARN_ENUM_CONVERSION = YES;
				CLANG_WARN_INFINITE_RECURSION = YES;
				CLANG_WARN_INT_CONVERSION = YES;
				CLANG_WARN_NON_LITERAL_NULL_CONVERSION = YES;
				CLANG_WARN_OBJC_IMPLICIT_RETAIN_SELF = YES;
				CLANG_WARN_OBJC_LITERAL_CONVERSION = YES;
				CLANG_WARN_OBJC_ROOT_CLASS = YES_ERROR;
				CLANG_WARN_QUOTED_INCLUDE_IN_FRAMEWORK_HEADER = YES;
				CLANG_WARN_RANGE_LOOP_ANALYSIS = YES;
				CLANG_WARN_STRICT_PROTOTYPES = YES;
				CLANG_WARN_SUSPICIOUS_MOVE = YES;
				CLANG_WARN_UNGUARDED_AVAILABILITY = YES_AGGRESSIVE;
				CLANG_WARN_UNREACHABLE_CODE = YES;
				CLANG_WARN__DUPLICATE_METHOD_MATCH = YES;
				COPY_PHASE_STRIP = NO;
				DEBUG_INFORMATION_FORMAT = dwarf;
				ENABLE_STRICT_OBJC_MSGSEND = YES;
				ENABLE_TESTABILITY = YES;
				GCC_C_LANGUAGE_STANDARD = gnu11;
				GCC_DYNAMIC_NO_PIC = NO;
				GCC_NO_COMMON_BLOCKS = YES;
				GCC_OPTIMIZATION_LEVEL = 0;
				GCC_PREPROCESSOR_DEFINITIONS = (
					"DEBUG=1",
					"$(inherited)",
				);
				GCC_WARN_64_TO_32_BIT_CONVERSION = YES;
				GCC_WARN_ABOUT_RETURN_TYPE = YES_ERROR;
				GCC_WARN_UNDECLARED_SELECTOR = YES;
				GCC_WARN_UNINITIALIZED_AUTOS = YES_AGGRESSIVE;
				GCC_WARN_UNUSED_FUNCTION = YES;
				GCC_WARN_UNUSED_VARIABLE = YES;
				IPHONEOS_DEPLOYMENT_TARGET = 14.4;
				MTL_ENABLE_DEBUG_INFO = INCLUDE_SOURCE;
				MTL_FAST_MATH = YES;
				ONLY_ACTIVE_ARCH = YES;
				SDKROOT = iphoneos;
				SWIFT_ACTIVE_COMPILATION_CONDITIONS = DEBUG;
				SWIFT_OPTIMIZATION_LEVEL = "-Onone";
			};
			name = Debug;
		};
		3D04F3A2261DBF3B008A1CA1 /* Release */ = {
			isa = XCBuildConfiguration;
			buildSettings = {
				ALWAYS_SEARCH_USER_PATHS = NO;
				CLANG_ANALYZER_NONNULL = YES;
				CLANG_ANALYZER_NUMBER_OBJECT_CONVERSION = YES_AGGRESSIVE;
				CLANG_CXX_LANGUAGE_STANDARD = "gnu++14";
				CLANG_CXX_LIBRARY = "libc++";
				CLANG_ENABLE_MODULES = YES;
				CLANG_ENABLE_OBJC_ARC = YES;
				CLANG_ENABLE_OBJC_WEAK = YES;
				CLANG_WARN_BLOCK_CAPTURE_AUTORELEASING = YES;
				CLANG_WARN_BOOL_CONVERSION = YES;
				CLANG_WARN_COMMA = YES;
				CLANG_WARN_CONSTANT_CONVERSION = YES;
				CLANG_WARN_DEPRECATED_OBJC_IMPLEMENTATIONS = YES;
				CLANG_WARN_DIRECT_OBJC_ISA_USAGE = YES_ERROR;
				CLANG_WARN_DOCUMENTATION_COMMENTS = YES;
				CLANG_WARN_EMPTY_BODY = YES;
				CLANG_WARN_ENUM_CONVERSION = YES;
				CLANG_WARN_INFINITE_RECURSION = YES;
				CLANG_WARN_INT_CONVERSION = YES;
				CLANG_WARN_NON_LITERAL_NULL_CONVERSION = YES;
				CLANG_WARN_OBJC_IMPLICIT_RETAIN_SELF = YES;
				CLANG_WARN_OBJC_LITERAL_CONVERSION = YES;
				CLANG_WARN_OBJC_ROOT_CLASS = YES_ERROR;
				CLANG_WARN_QUOTED_INCLUDE_IN_FRAMEWORK_HEADER = YES;
				CLANG_WARN_RANGE_LOOP_ANALYSIS = YES;
				CLANG_WARN_STRICT_PROTOTYPES = YES;
				CLANG_WARN_SUSPICIOUS_MOVE = YES;
				CLANG_WARN_UNGUARDED_AVAILABILITY = YES_AGGRESSIVE;
				CLANG_WARN_UNREACHABLE_CODE = YES;
				CLANG_WARN__DUPLICATE_METHOD_MATCH = YES;
				COPY_PHASE_STRIP = NO;
				DEBUG_INFORMATION_FORMAT = "dwarf-with-dsym";
				ENABLE_NS_ASSERTIONS = NO;
				ENABLE_STRICT_OBJC_MSGSEND = YES;
				GCC_C_LANGUAGE_STANDARD = gnu11;
				GCC_NO_COMMON_BLOCKS = YES;
				GCC_WARN_64_TO_32_BIT_CONVERSION = YES;
				GCC_WARN_ABOUT_RETURN_TYPE = YES_ERROR;
				GCC_WARN_UNDECLARED_SELECTOR = YES;
				GCC_WARN_UNINITIALIZED_AUTOS = YES_AGGRESSIVE;
				GCC_WARN_UNUSED_FUNCTION = YES;
				GCC_WARN_UNUSED_VARIABLE = YES;
				IPHONEOS_DEPLOYMENT_TARGET = 14.4;
				MTL_ENABLE_DEBUG_INFO = NO;
				MTL_FAST_MATH = YES;
				SDKROOT = iphoneos;
				SWIFT_COMPILATION_MODE = wholemodule;
				SWIFT_OPTIMIZATION_LEVEL = "-O";
				VALIDATE_PRODUCT = YES;
			};
			name = Release;
		};
		3D04F3A4261DBF3B008A1CA1 /* Debug */ = {
			isa = XCBuildConfiguration;
			buildSettings = {
				ASSETCATALOG_COMPILER_APPICON_NAME = AppIcon;
				ASSETCATALOG_COMPILER_GLOBAL_ACCENT_COLOR_NAME = AccentColor;
				CODE_SIGN_STYLE = Automatic;
				DEVELOPMENT_ASSET_PATHS = "\"SwiftUI_test/Preview Content\"";
				DEVELOPMENT_TEAM = G8ZP74AMAJ;
				ENABLE_PREVIEWS = YES;
				INFOPLIST_FILE = SwiftUI_test/Info.plist;
				IPHONEOS_DEPLOYMENT_TARGET = 14.0;
				LD_RUNPATH_SEARCH_PATHS = (
					"$(inherited)",
					"@executable_path/Frameworks",
				);
				PRODUCT_BUNDLE_IDENTIFIER = "FIT.SwiftUI-test";
				PRODUCT_NAME = "$(TARGET_NAME)";
				SWIFT_VERSION = 5.0;
				TARGETED_DEVICE_FAMILY = "1,2";
			};
			name = Debug;
		};
		3D04F3A5261DBF3B008A1CA1 /* Release */ = {
			isa = XCBuildConfiguration;
			buildSettings = {
				ASSETCATALOG_COMPILER_APPICON_NAME = AppIcon;
				ASSETCATALOG_COMPILER_GLOBAL_ACCENT_COLOR_NAME = AccentColor;
				CODE_SIGN_STYLE = Automatic;
				DEVELOPMENT_ASSET_PATHS = "\"SwiftUI_test/Preview Content\"";
				DEVELOPMENT_TEAM = G8ZP74AMAJ;
				ENABLE_PREVIEWS = YES;
				INFOPLIST_FILE = SwiftUI_test/Info.plist;
				IPHONEOS_DEPLOYMENT_TARGET = 14.0;
				LD_RUNPATH_SEARCH_PATHS = (
					"$(inherited)",
					"@executable_path/Frameworks",
				);
				PRODUCT_BUNDLE_IDENTIFIER = "FIT.SwiftUI-test";
				PRODUCT_NAME = "$(TARGET_NAME)";
				SWIFT_VERSION = 5.0;
				TARGETED_DEVICE_FAMILY = "1,2";
			};
			name = Release;
		};
/* End XCBuildConfiguration section */

/* Begin XCConfigurationList section */
		3D04F38F261DBF3B008A1CA1 /* Build configuration list for PBXProject "SwiftUI_test" */ = {
			isa = XCConfigurationList;
			buildConfigurations = (
				3D04F3A1261DBF3B008A1CA1 /* Debug */,
				3D04F3A2261DBF3B008A1CA1 /* Release */,
			);
			defaultConfigurationIsVisible = 0;
			defaultConfigurationName = Release;
		};
		3D04F3A3261DBF3B008A1CA1 /* Build configuration list for PBXNativeTarget "SwiftUI_test" */ = {
			isa = XCConfigurationList;
			buildConfigurations = (
				3D04F3A4261DBF3B008A1CA1 /* Debug */,
				3D04F3A5261DBF3B008A1CA1 /* Release */,
			);
			defaultConfigurationIsVisible = 0;
			defaultConfigurationName = Release;
		};
/* End XCConfigurationList section */
	};
	rootObject = 3D04F38C261DBF3B008A1CA1 /* Project object */;
}
